// !$*UTF8*$!
{
	archiveVersion = 1;
	classes = {
	};
	objectVersion = 56;
	objects = {

/* Begin PBXBuildFile section */
		FE031E972B16EDF30070BF14 /* LanguageHeroFeature.framework in Frameworks */ = {isa = PBXBuildFile; fileRef = FE031E8E2B16EDF30070BF14 /* LanguageHeroFeature.framework */; };
		FE031E9C2B16EDF30070BF14 /* LanguageHeroFeatureTests.swift in Sources */ = {isa = PBXBuildFile; fileRef = FE031E9B2B16EDF30070BF14 /* LanguageHeroFeatureTests.swift */; };
		FE031E9D2B16EDF30070BF14 /* LanguageHeroFeature.h in Headers */ = {isa = PBXBuildFile; fileRef = FE031E912B16EDF30070BF14 /* LanguageHeroFeature.h */; settings = {ATTRIBUTES = (Public, ); }; };
		FE031EA72B1786810070BF14 /* GameProcessor.swift in Sources */ = {isa = PBXBuildFile; fileRef = FE031EA62B1786810070BF14 /* GameProcessor.swift */; };
		FE031EA92B1786940070BF14 /* Talk.swift in Sources */ = {isa = PBXBuildFile; fileRef = FE031EA82B1786940070BF14 /* Talk.swift */; };
		FE031F1F2B17904E0070BF14 /* LanguageHeroApp.swift in Sources */ = {isa = PBXBuildFile; fileRef = FE031F1E2B17904E0070BF14 /* LanguageHeroApp.swift */; };
		FE031F212B17904E0070BF14 /* ContentView.swift in Sources */ = {isa = PBXBuildFile; fileRef = FE031F202B17904E0070BF14 /* ContentView.swift */; };
		FE031F232B17904F0070BF14 /* Assets.xcassets in Resources */ = {isa = PBXBuildFile; fileRef = FE031F222B17904F0070BF14 /* Assets.xcassets */; };
		FE031F262B17904F0070BF14 /* Preview Assets.xcassets in Resources */ = {isa = PBXBuildFile; fileRef = FE031F252B17904F0070BF14 /* Preview Assets.xcassets */; };
		FE031F2B2B1790620070BF14 /* LanguageHeroFeature.framework in Frameworks */ = {isa = PBXBuildFile; fileRef = FE031E8E2B16EDF30070BF14 /* LanguageHeroFeature.framework */; };
		FE031F2C2B1790620070BF14 /* LanguageHeroFeature.framework in Embed Frameworks */ = {isa = PBXBuildFile; fileRef = FE031E8E2B16EDF30070BF14 /* LanguageHeroFeature.framework */; settings = {ATTRIBUTES = (CodeSignOnCopy, RemoveHeadersOnCopy, ); }; };
		FE6334EC2B19DC340096C3F6 /* DamageCalculator_Tests.swift in Sources */ = {isa = PBXBuildFile; fileRef = FED66E7E2B19D7A2008DBC20 /* DamageCalculator_Tests.swift */; };
		FE6334EE2B1A26BA0096C3F6 /* DamageCalculator.swift in Sources */ = {isa = PBXBuildFile; fileRef = FE6334ED2B1A26BA0096C3F6 /* DamageCalculator.swift */; };
		FE6334F02B1A2D3A0096C3F6 /* Hero_Tests.swift in Sources */ = {isa = PBXBuildFile; fileRef = FE6334EF2B1A2D3A0096C3F6 /* Hero_Tests.swift */; };
		FE6334F22B1A2F430096C3F6 /* Hero.swift in Sources */ = {isa = PBXBuildFile; fileRef = FE6334F12B1A2F430096C3F6 /* Hero.swift */; };
		FE6334F42B1A363A0096C3F6 /* Monster.swift in Sources */ = {isa = PBXBuildFile; fileRef = FE6334F32B1A363A0096C3F6 /* Monster.swift */; };
/* End PBXBuildFile section */

/* Begin PBXContainerItemProxy section */
		FE031E982B16EDF30070BF14 /* PBXContainerItemProxy */ = {
			isa = PBXContainerItemProxy;
			containerPortal = FE031E852B16EDF30070BF14 /* Project object */;
			proxyType = 1;
			remoteGlobalIDString = FE031E8D2B16EDF30070BF14;
			remoteInfo = LanguageHeroFeature;
		};
		FE031F2D2B1790620070BF14 /* PBXContainerItemProxy */ = {
			isa = PBXContainerItemProxy;
			containerPortal = FE031E852B16EDF30070BF14 /* Project object */;
			proxyType = 1;
			remoteGlobalIDString = FE031E8D2B16EDF30070BF14;
			remoteInfo = LanguageHeroFeature;
		};
/* End PBXContainerItemProxy section */

/* Begin PBXCopyFilesBuildPhase section */
		FE031F2F2B1790620070BF14 /* Embed Frameworks */ = {
			isa = PBXCopyFilesBuildPhase;
			buildActionMask = 2147483647;
			dstPath = "";
			dstSubfolderSpec = 10;
			files = (
				FE031F2C2B1790620070BF14 /* LanguageHeroFeature.framework in Embed Frameworks */,
			);
			name = "Embed Frameworks";
			runOnlyForDeploymentPostprocessing = 0;
		};
/* End PBXCopyFilesBuildPhase section */

/* Begin PBXFileReference section */
		FE031E8E2B16EDF30070BF14 /* LanguageHeroFeature.framework */ = {isa = PBXFileReference; explicitFileType = wrapper.framework; includeInIndex = 0; path = LanguageHeroFeature.framework; sourceTree = BUILT_PRODUCTS_DIR; };
		FE031E912B16EDF30070BF14 /* LanguageHeroFeature.h */ = {isa = PBXFileReference; lastKnownFileType = sourcecode.c.h; path = LanguageHeroFeature.h; sourceTree = "<group>"; };
		FE031E962B16EDF30070BF14 /* LanguageHeroFeatureTests.xctest */ = {isa = PBXFileReference; explicitFileType = wrapper.cfbundle; includeInIndex = 0; path = LanguageHeroFeatureTests.xctest; sourceTree = BUILT_PRODUCTS_DIR; };
		FE031E9B2B16EDF30070BF14 /* LanguageHeroFeatureTests.swift */ = {isa = PBXFileReference; lastKnownFileType = sourcecode.swift; path = LanguageHeroFeatureTests.swift; sourceTree = "<group>"; };
		FE031EA62B1786810070BF14 /* GameProcessor.swift */ = {isa = PBXFileReference; lastKnownFileType = sourcecode.swift; path = GameProcessor.swift; sourceTree = "<group>"; };
		FE031EA82B1786940070BF14 /* Talk.swift */ = {isa = PBXFileReference; lastKnownFileType = sourcecode.swift; path = Talk.swift; sourceTree = "<group>"; };
		FE031F1C2B17904E0070BF14 /* LanguageHeroApp.app */ = {isa = PBXFileReference; explicitFileType = wrapper.application; includeInIndex = 0; path = LanguageHeroApp.app; sourceTree = BUILT_PRODUCTS_DIR; };
		FE031F1E2B17904E0070BF14 /* LanguageHeroApp.swift */ = {isa = PBXFileReference; lastKnownFileType = sourcecode.swift; path = LanguageHeroApp.swift; sourceTree = "<group>"; };
		FE031F202B17904E0070BF14 /* ContentView.swift */ = {isa = PBXFileReference; lastKnownFileType = sourcecode.swift; path = ContentView.swift; sourceTree = "<group>"; };
		FE031F222B17904F0070BF14 /* Assets.xcassets */ = {isa = PBXFileReference; lastKnownFileType = folder.assetcatalog; path = Assets.xcassets; sourceTree = "<group>"; };
		FE031F252B17904F0070BF14 /* Preview Assets.xcassets */ = {isa = PBXFileReference; lastKnownFileType = folder.assetcatalog; path = "Preview Assets.xcassets"; sourceTree = "<group>"; };
		FE6334EB2B19DB200096C3F6 /* LanguageHeroFeature.xctestplan */ = {isa = PBXFileReference; lastKnownFileType = text; name = LanguageHeroFeature.xctestplan; path = ../../LanguageHeroFeature.xctestplan; sourceTree = "<group>"; };
		FE6334ED2B1A26BA0096C3F6 /* DamageCalculator.swift */ = {isa = PBXFileReference; lastKnownFileType = sourcecode.swift; path = DamageCalculator.swift; sourceTree = "<group>"; };
		FE6334EF2B1A2D3A0096C3F6 /* Hero_Tests.swift */ = {isa = PBXFileReference; lastKnownFileType = sourcecode.swift; path = Hero_Tests.swift; sourceTree = "<group>"; };
		FE6334F12B1A2F430096C3F6 /* Hero.swift */ = {isa = PBXFileReference; lastKnownFileType = sourcecode.swift; path = Hero.swift; sourceTree = "<group>"; };
		FE6334F32B1A363A0096C3F6 /* Monster.swift */ = {isa = PBXFileReference; lastKnownFileType = sourcecode.swift; path = Monster.swift; sourceTree = "<group>"; };
		FED66E7E2B19D7A2008DBC20 /* DamageCalculator_Tests.swift */ = {isa = PBXFileReference; lastKnownFileType = sourcecode.swift; path = DamageCalculator_Tests.swift; sourceTree = "<group>"; };
/* End PBXFileReference section */

/* Begin PBXFrameworksBuildPhase section */
		FE031E8B2B16EDF30070BF14 /* Frameworks */ = {
			isa = PBXFrameworksBuildPhase;
			buildActionMask = 2147483647;
			files = (
			);
			runOnlyForDeploymentPostprocessing = 0;
		};
		FE031E932B16EDF30070BF14 /* Frameworks */ = {
			isa = PBXFrameworksBuildPhase;
			buildActionMask = 2147483647;
			files = (
				FE031E972B16EDF30070BF14 /* LanguageHeroFeature.framework in Frameworks */,
			);
			runOnlyForDeploymentPostprocessing = 0;
		};
		FE031F192B17904E0070BF14 /* Frameworks */ = {
			isa = PBXFrameworksBuildPhase;
			buildActionMask = 2147483647;
			files = (
				FE031F2B2B1790620070BF14 /* LanguageHeroFeature.framework in Frameworks */,
			);
			runOnlyForDeploymentPostprocessing = 0;
		};
/* End PBXFrameworksBuildPhase section */

/* Begin PBXGroup section */
		FE031E842B16EDF30070BF14 = {
			isa = PBXGroup;
			children = (
				FE031E902B16EDF30070BF14 /* LanguageHeroFeature */,
				FE031E9A2B16EDF30070BF14 /* LanguageHeroFeatureTests */,
				FE031F1D2B17904E0070BF14 /* LanguageHeroApp */,
				FE031E8F2B16EDF30070BF14 /* Products */,
				FE031F2A2B1790620070BF14 /* Frameworks */,
			);
			sourceTree = "<group>";
		};
		FE031E8F2B16EDF30070BF14 /* Products */ = {
			isa = PBXGroup;
			children = (
				FE031E8E2B16EDF30070BF14 /* LanguageHeroFeature.framework */,
				FE031E962B16EDF30070BF14 /* LanguageHeroFeatureTests.xctest */,
				FE031F1C2B17904E0070BF14 /* LanguageHeroApp.app */,
			);
			name = Products;
			sourceTree = "<group>";
		};
		FE031E902B16EDF30070BF14 /* LanguageHeroFeature */ = {
			isa = PBXGroup;
			children = (
				FE6334EB2B19DB200096C3F6 /* LanguageHeroFeature.xctestplan */,
				FE031E912B16EDF30070BF14 /* LanguageHeroFeature.h */,
				FE031EA62B1786810070BF14 /* GameProcessor.swift */,
				FE031EA82B1786940070BF14 /* Talk.swift */,
				FE6334ED2B1A26BA0096C3F6 /* DamageCalculator.swift */,
				FE6334F12B1A2F430096C3F6 /* Hero.swift */,
				FE6334F32B1A363A0096C3F6 /* Monster.swift */,
			);
			path = LanguageHeroFeature;
			sourceTree = "<group>";
		};
		FE031E9A2B16EDF30070BF14 /* LanguageHeroFeatureTests */ = {
			isa = PBXGroup;
			children = (
				FE031E9B2B16EDF30070BF14 /* LanguageHeroFeatureTests.swift */,
				FED66E7E2B19D7A2008DBC20 /* DamageCalculator_Tests.swift */,
				FE6334EF2B1A2D3A0096C3F6 /* Hero_Tests.swift */,
			);
			path = LanguageHeroFeatureTests;
			sourceTree = "<group>";
		};
		FE031F1D2B17904E0070BF14 /* LanguageHeroApp */ = {
			isa = PBXGroup;
			children = (
				FE031F1E2B17904E0070BF14 /* LanguageHeroApp.swift */,
				FE031F202B17904E0070BF14 /* ContentView.swift */,
				FE031F222B17904F0070BF14 /* Assets.xcassets */,
				FE031F242B17904F0070BF14 /* Preview Content */,
			);
			path = LanguageHeroApp;
			sourceTree = "<group>";
		};
		FE031F242B17904F0070BF14 /* Preview Content */ = {
			isa = PBXGroup;
			children = (
				FE031F252B17904F0070BF14 /* Preview Assets.xcassets */,
			);
			path = "Preview Content";
			sourceTree = "<group>";
		};
		FE031F2A2B1790620070BF14 /* Frameworks */ = {
			isa = PBXGroup;
			children = (
			);
			name = Frameworks;
			sourceTree = "<group>";
		};
/* End PBXGroup section */

/* Begin PBXHeadersBuildPhase section */
		FE031E892B16EDF30070BF14 /* Headers */ = {
			isa = PBXHeadersBuildPhase;
			buildActionMask = 2147483647;
			files = (
				FE031E9D2B16EDF30070BF14 /* LanguageHeroFeature.h in Headers */,
			);
			runOnlyForDeploymentPostprocessing = 0;
		};
/* End PBXHeadersBuildPhase section */

/* Begin PBXNativeTarget section */
		FE031E8D2B16EDF30070BF14 /* LanguageHeroFeature */ = {
			isa = PBXNativeTarget;
			buildConfigurationList = FE031EA02B16EDF30070BF14 /* Build configuration list for PBXNativeTarget "LanguageHeroFeature" */;
			buildPhases = (
				FE031E892B16EDF30070BF14 /* Headers */,
				FE031E8A2B16EDF30070BF14 /* Sources */,
				FE031E8B2B16EDF30070BF14 /* Frameworks */,
				FE031E8C2B16EDF30070BF14 /* Resources */,
			);
			buildRules = (
			);
			dependencies = (
			);
			name = LanguageHeroFeature;
			productName = LanguageHeroFeature;
			productReference = FE031E8E2B16EDF30070BF14 /* LanguageHeroFeature.framework */;
			productType = "com.apple.product-type.framework";
		};
		FE031E952B16EDF30070BF14 /* LanguageHeroFeatureTests */ = {
			isa = PBXNativeTarget;
			buildConfigurationList = FE031EA32B16EDF30070BF14 /* Build configuration list for PBXNativeTarget "LanguageHeroFeatureTests" */;
			buildPhases = (
				FE031E922B16EDF30070BF14 /* Sources */,
				FE031E932B16EDF30070BF14 /* Frameworks */,
				FE031E942B16EDF30070BF14 /* Resources */,
			);
			buildRules = (
			);
			dependencies = (
				FE031E992B16EDF30070BF14 /* PBXTargetDependency */,
			);
			name = LanguageHeroFeatureTests;
			productName = LanguageHeroFeatureTests;
			productReference = FE031E962B16EDF30070BF14 /* LanguageHeroFeatureTests.xctest */;
			productType = "com.apple.product-type.bundle.unit-test";
		};
		FE031F1B2B17904E0070BF14 /* LanguageHeroApp */ = {
			isa = PBXNativeTarget;
			buildConfigurationList = FE031F292B17904F0070BF14 /* Build configuration list for PBXNativeTarget "LanguageHeroApp" */;
			buildPhases = (
				FE031F182B17904E0070BF14 /* Sources */,
				FE031F192B17904E0070BF14 /* Frameworks */,
				FE031F1A2B17904E0070BF14 /* Resources */,
				FE031F2F2B1790620070BF14 /* Embed Frameworks */,
			);
			buildRules = (
			);
			dependencies = (
				FE031F2E2B1790620070BF14 /* PBXTargetDependency */,
			);
			name = LanguageHeroApp;
			productName = LanguageHeroApp;
			productReference = FE031F1C2B17904E0070BF14 /* LanguageHeroApp.app */;
			productType = "com.apple.product-type.application";
		};
/* End PBXNativeTarget section */

/* Begin PBXProject section */
		FE031E852B16EDF30070BF14 /* Project object */ = {
			isa = PBXProject;
			attributes = {
				BuildIndependentTargetsInParallel = 1;
				LastSwiftUpdateCheck = 1500;
				LastUpgradeCheck = 1500;
				TargetAttributes = {
					FE031E8D2B16EDF30070BF14 = {
						CreatedOnToolsVersion = 15.0.1;
						LastSwiftMigration = 1500;
					};
					FE031E952B16EDF30070BF14 = {
						CreatedOnToolsVersion = 15.0.1;
					};
					FE031F1B2B17904E0070BF14 = {
						CreatedOnToolsVersion = 15.0.1;
					};
				};
			};
			buildConfigurationList = FE031E882B16EDF30070BF14 /* Build configuration list for PBXProject "LanguageHeroFeature" */;
			compatibilityVersion = "Xcode 14.0";
			developmentRegion = en;
			hasScannedForEncodings = 0;
			knownRegions = (
				en,
				Base,
			);
			mainGroup = FE031E842B16EDF30070BF14;
			productRefGroup = FE031E8F2B16EDF30070BF14 /* Products */;
			projectDirPath = "";
			projectRoot = "";
			targets = (
				FE031E8D2B16EDF30070BF14 /* LanguageHeroFeature */,
				FE031E952B16EDF30070BF14 /* LanguageHeroFeatureTests */,
				FE031F1B2B17904E0070BF14 /* LanguageHeroApp */,
			);
		};
/* End PBXProject section */

/* Begin PBXResourcesBuildPhase section */
		FE031E8C2B16EDF30070BF14 /* Resources */ = {
			isa = PBXResourcesBuildPhase;
			buildActionMask = 2147483647;
			files = (
			);
			runOnlyForDeploymentPostprocessing = 0;
		};
		FE031E942B16EDF30070BF14 /* Resources */ = {
			isa = PBXResourcesBuildPhase;
			buildActionMask = 2147483647;
			files = (
			);
			runOnlyForDeploymentPostprocessing = 0;
		};
		FE031F1A2B17904E0070BF14 /* Resources */ = {
			isa = PBXResourcesBuildPhase;
			buildActionMask = 2147483647;
			files = (
				FE031F262B17904F0070BF14 /* Preview Assets.xcassets in Resources */,
				FE031F232B17904F0070BF14 /* Assets.xcassets in Resources */,
			);
			runOnlyForDeploymentPostprocessing = 0;
		};
/* End PBXResourcesBuildPhase section */

/* Begin PBXSourcesBuildPhase section */
		FE031E8A2B16EDF30070BF14 /* Sources */ = {
			isa = PBXSourcesBuildPhase;
			buildActionMask = 2147483647;
			files = (
				FE6334F42B1A363A0096C3F6 /* Monster.swift in Sources */,
				FE031EA72B1786810070BF14 /* GameProcessor.swift in Sources */,
				FE031EA92B1786940070BF14 /* Talk.swift in Sources */,
				FE6334EE2B1A26BA0096C3F6 /* DamageCalculator.swift in Sources */,
				FE6334F22B1A2F430096C3F6 /* Hero.swift in Sources */,
			);
			runOnlyForDeploymentPostprocessing = 0;
		};
		FE031E922B16EDF30070BF14 /* Sources */ = {
			isa = PBXSourcesBuildPhase;
			buildActionMask = 2147483647;
			files = (
				FE6334F02B1A2D3A0096C3F6 /* Hero_Tests.swift in Sources */,
				FE6334EC2B19DC340096C3F6 /* DamageCalculator_Tests.swift in Sources */,
				FE031E9C2B16EDF30070BF14 /* LanguageHeroFeatureTests.swift in Sources */,
			);
			runOnlyForDeploymentPostprocessing = 0;
		};
		FE031F182B17904E0070BF14 /* Sources */ = {
			isa = PBXSourcesBuildPhase;
			buildActionMask = 2147483647;
			files = (
				FE031F212B17904E0070BF14 /* ContentView.swift in Sources */,
				FE031F1F2B17904E0070BF14 /* LanguageHeroApp.swift in Sources */,
			);
			runOnlyForDeploymentPostprocessing = 0;
		};
/* End PBXSourcesBuildPhase section */

/* Begin PBXTargetDependency section */
		FE031E992B16EDF30070BF14 /* PBXTargetDependency */ = {
			isa = PBXTargetDependency;
			target = FE031E8D2B16EDF30070BF14 /* LanguageHeroFeature */;
			targetProxy = FE031E982B16EDF30070BF14 /* PBXContainerItemProxy */;
		};
		FE031F2E2B1790620070BF14 /* PBXTargetDependency */ = {
			isa = PBXTargetDependency;
			target = FE031E8D2B16EDF30070BF14 /* LanguageHeroFeature */;
			targetProxy = FE031F2D2B1790620070BF14 /* PBXContainerItemProxy */;
		};
/* End PBXTargetDependency section */

/* Begin XCBuildConfiguration section */
		FE031E9E2B16EDF30070BF14 /* Debug */ = {
			isa = XCBuildConfiguration;
			buildSettings = {
				ALWAYS_SEARCH_USER_PATHS = NO;
				ASSETCATALOG_COMPILER_GENERATE_SWIFT_ASSET_SYMBOL_EXTENSIONS = YES;
				CLANG_ANALYZER_NONNULL = YES;
				CLANG_ANALYZER_NUMBER_OBJECT_CONVERSION = YES_AGGRESSIVE;
				CLANG_CXX_LANGUAGE_STANDARD = "gnu++20";
				CLANG_ENABLE_MODULES = YES;
				CLANG_ENABLE_OBJC_ARC = YES;
				CLANG_ENABLE_OBJC_WEAK = YES;
				CLANG_WARN_BLOCK_CAPTURE_AUTORELEASING = YES;
				CLANG_WARN_BOOL_CONVERSION = YES;
				CLANG_WARN_COMMA = YES;
				CLANG_WARN_CONSTANT_CONVERSION = YES;
				CLANG_WARN_DEPRECATED_OBJC_IMPLEMENTATIONS = YES;
				CLANG_WARN_DIRECT_OBJC_ISA_USAGE = YES_ERROR;
				CLANG_WARN_DOCUMENTATION_COMMENTS = YES;
				CLANG_WARN_EMPTY_BODY = YES;
				CLANG_WARN_ENUM_CONVERSION = YES;
				CLANG_WARN_INFINITE_RECURSION = YES;
				CLANG_WARN_INT_CONVERSION = YES;
				CLANG_WARN_NON_LITERAL_NULL_CONVERSION = YES;
				CLANG_WARN_OBJC_IMPLICIT_RETAIN_SELF = YES;
				CLANG_WARN_OBJC_LITERAL_CONVERSION = YES;
				CLANG_WARN_OBJC_ROOT_CLASS = YES_ERROR;
				CLANG_WARN_QUOTED_INCLUDE_IN_FRAMEWORK_HEADER = YES;
				CLANG_WARN_RANGE_LOOP_ANALYSIS = YES;
				CLANG_WARN_STRICT_PROTOTYPES = YES;
				CLANG_WARN_SUSPICIOUS_MOVE = YES;
				CLANG_WARN_UNGUARDED_AVAILABILITY = YES_AGGRESSIVE;
				CLANG_WARN_UNREACHABLE_CODE = YES;
				CLANG_WARN__DUPLICATE_METHOD_MATCH = YES;
				COPY_PHASE_STRIP = NO;
				CURRENT_PROJECT_VERSION = 1;
				DEBUG_INFORMATION_FORMAT = dwarf;
				ENABLE_STRICT_OBJC_MSGSEND = YES;
				ENABLE_TESTABILITY = YES;
				ENABLE_USER_SCRIPT_SANDBOXING = YES;
				GCC_C_LANGUAGE_STANDARD = gnu17;
				GCC_DYNAMIC_NO_PIC = NO;
				GCC_NO_COMMON_BLOCKS = YES;
				GCC_OPTIMIZATION_LEVEL = 0;
				GCC_PREPROCESSOR_DEFINITIONS = (
					"DEBUG=1",
					"$(inherited)",
				);
				GCC_WARN_64_TO_32_BIT_CONVERSION = YES;
				GCC_WARN_ABOUT_RETURN_TYPE = YES_ERROR;
				GCC_WARN_UNDECLARED_SELECTOR = YES;
				GCC_WARN_UNINITIALIZED_AUTOS = YES_AGGRESSIVE;
				GCC_WARN_UNUSED_FUNCTION = YES;
				GCC_WARN_UNUSED_VARIABLE = YES;
				LOCALIZATION_PREFERS_STRING_CATALOGS = YES;
				MACOSX_DEPLOYMENT_TARGET = 14.0;
				MTL_ENABLE_DEBUG_INFO = INCLUDE_SOURCE;
				MTL_FAST_MATH = YES;
				ONLY_ACTIVE_ARCH = YES;
				SDKROOT = macosx;
				SWIFT_ACTIVE_COMPILATION_CONDITIONS = "DEBUG $(inherited)";
				SWIFT_OPTIMIZATION_LEVEL = "-Onone";
				VERSIONING_SYSTEM = "apple-generic";
				VERSION_INFO_PREFIX = "";
			};
			name = Debug;
		};
		FE031E9F2B16EDF30070BF14 /* Release */ = {
			isa = XCBuildConfiguration;
			buildSettings = {
				ALWAYS_SEARCH_USER_PATHS = NO;
				ASSETCATALOG_COMPILER_GENERATE_SWIFT_ASSET_SYMBOL_EXTENSIONS = YES;
				CLANG_ANALYZER_NONNULL = YES;
				CLANG_ANALYZER_NUMBER_OBJECT_CONVERSION = YES_AGGRESSIVE;
				CLANG_CXX_LANGUAGE_STANDARD = "gnu++20";
				CLANG_ENABLE_MODULES = YES;
				CLANG_ENABLE_OBJC_ARC = YES;
				CLANG_ENABLE_OBJC_WEAK = YES;
				CLANG_WARN_BLOCK_CAPTURE_AUTORELEASING = YES;
				CLANG_WARN_BOOL_CONVERSION = YES;
				CLANG_WARN_COMMA = YES;
				CLANG_WARN_CONSTANT_CONVERSION = YES;
				CLANG_WARN_DEPRECATED_OBJC_IMPLEMENTATIONS = YES;
				CLANG_WARN_DIRECT_OBJC_ISA_USAGE = YES_ERROR;
				CLANG_WARN_DOCUMENTATION_COMMENTS = YES;
				CLANG_WARN_EMPTY_BODY = YES;
				CLANG_WARN_ENUM_CONVERSION = YES;
				CLANG_WARN_INFINITE_RECURSION = YES;
				CLANG_WARN_INT_CONVERSION = YES;
				CLANG_WARN_NON_LITERAL_NULL_CONVERSION = YES;
				CLANG_WARN_OBJC_IMPLICIT_RETAIN_SELF = YES;
				CLANG_WARN_OBJC_LITERAL_CONVERSION = YES;
				CLANG_WARN_OBJC_ROOT_CLASS = YES_ERROR;
				CLANG_WARN_QUOTED_INCLUDE_IN_FRAMEWORK_HEADER = YES;
				CLANG_WARN_RANGE_LOOP_ANALYSIS = YES;
				CLANG_WARN_STRICT_PROTOTYPES = YES;
				CLANG_WARN_SUSPICIOUS_MOVE = YES;
				CLANG_WARN_UNGUARDED_AVAILABILITY = YES_AGGRESSIVE;
				CLANG_WARN_UNREACHABLE_CODE = YES;
				CLANG_WARN__DUPLICATE_METHOD_MATCH = YES;
				COPY_PHASE_STRIP = NO;
				CURRENT_PROJECT_VERSION = 1;
				DEBUG_INFORMATION_FORMAT = "dwarf-with-dsym";
				ENABLE_NS_ASSERTIONS = NO;
				ENABLE_STRICT_OBJC_MSGSEND = YES;
				ENABLE_USER_SCRIPT_SANDBOXING = YES;
				GCC_C_LANGUAGE_STANDARD = gnu17;
				GCC_NO_COMMON_BLOCKS = YES;
				GCC_WARN_64_TO_32_BIT_CONVERSION = YES;
				GCC_WARN_ABOUT_RETURN_TYPE = YES_ERROR;
				GCC_WARN_UNDECLARED_SELECTOR = YES;
				GCC_WARN_UNINITIALIZED_AUTOS = YES_AGGRESSIVE;
				GCC_WARN_UNUSED_FUNCTION = YES;
				GCC_WARN_UNUSED_VARIABLE = YES;
				LOCALIZATION_PREFERS_STRING_CATALOGS = YES;
				MACOSX_DEPLOYMENT_TARGET = 14.0;
				MTL_ENABLE_DEBUG_INFO = NO;
				MTL_FAST_MATH = YES;
				SDKROOT = macosx;
				SWIFT_COMPILATION_MODE = wholemodule;
				VERSIONING_SYSTEM = "apple-generic";
				VERSION_INFO_PREFIX = "";
			};
			name = Release;
		};
		FE031EA12B16EDF30070BF14 /* Debug */ = {
			isa = XCBuildConfiguration;
			buildSettings = {
				CLANG_ENABLE_MODULES = YES;
				CODE_SIGN_STYLE = Automatic;
				COMBINE_HIDPI_IMAGES = YES;
				CURRENT_PROJECT_VERSION = 1;
				DEFINES_MODULE = YES;
				DEVELOPMENT_TEAM = 2S859NQ39F;
				DYLIB_COMPATIBILITY_VERSION = 1;
				DYLIB_CURRENT_VERSION = 1;
				DYLIB_INSTALL_NAME_BASE = "@rpath";
				ENABLE_MODULE_VERIFIER = YES;
				GENERATE_INFOPLIST_FILE = YES;
				INFOPLIST_KEY_NSHumanReadableCopyright = "";
				INSTALL_PATH = "$(LOCAL_LIBRARY_DIR)/Frameworks";
				LD_RUNPATH_SEARCH_PATHS = (
					"$(inherited)",
					"@executable_path/../Frameworks",
					"@loader_path/Frameworks",
				);
				MARKETING_VERSION = 1.0;
				MODULE_VERIFIER_SUPPORTED_LANGUAGES = "objective-c objective-c++";
				MODULE_VERIFIER_SUPPORTED_LANGUAGE_STANDARDS = "gnu17 gnu++20";
				PRODUCT_BUNDLE_IDENTIFIER = tw.com.qmontech.LanguageHeroFeature;
				PRODUCT_NAME = "$(TARGET_NAME:c99extidentifier)";
				SKIP_INSTALL = YES;
				SUPPORTED_PLATFORMS = "iphoneos iphonesimulator macosx";
				SUPPORTS_MACCATALYST = NO;
				SWIFT_EMIT_LOC_STRINGS = YES;
				SWIFT_OPTIMIZATION_LEVEL = "-Onone";
				SWIFT_VERSION = 5.0;
				TARGETED_DEVICE_FAMILY = "1,2";
			};
			name = Debug;
		};
		FE031EA22B16EDF30070BF14 /* Release */ = {
			isa = XCBuildConfiguration;
			buildSettings = {
				CLANG_ENABLE_MODULES = YES;
				CODE_SIGN_STYLE = Automatic;
				COMBINE_HIDPI_IMAGES = YES;
				CURRENT_PROJECT_VERSION = 1;
				DEFINES_MODULE = YES;
				DEVELOPMENT_TEAM = 2S859NQ39F;
				DYLIB_COMPATIBILITY_VERSION = 1;
				DYLIB_CURRENT_VERSION = 1;
				DYLIB_INSTALL_NAME_BASE = "@rpath";
				ENABLE_MODULE_VERIFIER = YES;
				GENERATE_INFOPLIST_FILE = YES;
				INFOPLIST_KEY_NSHumanReadableCopyright = "";
				INSTALL_PATH = "$(LOCAL_LIBRARY_DIR)/Frameworks";
				LD_RUNPATH_SEARCH_PATHS = (
					"$(inherited)",
					"@executable_path/../Frameworks",
					"@loader_path/Frameworks",
				);
				MARKETING_VERSION = 1.0;
				MODULE_VERIFIER_SUPPORTED_LANGUAGES = "objective-c objective-c++";
				MODULE_VERIFIER_SUPPORTED_LANGUAGE_STANDARDS = "gnu17 gnu++20";
				PRODUCT_BUNDLE_IDENTIFIER = tw.com.qmontech.LanguageHeroFeature;
				PRODUCT_NAME = "$(TARGET_NAME:c99extidentifier)";
				SKIP_INSTALL = YES;
				SUPPORTED_PLATFORMS = "iphoneos iphonesimulator macosx";
				SUPPORTS_MACCATALYST = NO;
				SWIFT_EMIT_LOC_STRINGS = YES;
				SWIFT_VERSION = 5.0;
				TARGETED_DEVICE_FAMILY = "1,2";
			};
			name = Release;
		};
		FE031EA42B16EDF30070BF14 /* Debug */ = {
			isa = XCBuildConfiguration;
			buildSettings = {
				ALWAYS_EMBED_SWIFT_STANDARD_LIBRARIES = YES;
				CODE_SIGN_STYLE = Automatic;
				CURRENT_PROJECT_VERSION = 1;
				DEVELOPMENT_TEAM = 2S859NQ39F;
				GENERATE_INFOPLIST_FILE = YES;
				MARKETING_VERSION = 1.0;
				PRODUCT_BUNDLE_IDENTIFIER = tw.com.qmontech.LanguageHeroFeatureTests;
				PRODUCT_NAME = "$(TARGET_NAME)";
				SWIFT_EMIT_LOC_STRINGS = NO;
				SWIFT_VERSION = 5.0;
			};
			name = Debug;
		};
		FE031EA52B16EDF30070BF14 /* Release */ = {
			isa = XCBuildConfiguration;
			buildSettings = {
				ALWAYS_EMBED_SWIFT_STANDARD_LIBRARIES = YES;
				CODE_SIGN_STYLE = Automatic;
				CURRENT_PROJECT_VERSION = 1;
				DEVELOPMENT_TEAM = 2S859NQ39F;
				GENERATE_INFOPLIST_FILE = YES;
				MARKETING_VERSION = 1.0;
				PRODUCT_BUNDLE_IDENTIFIER = tw.com.qmontech.LanguageHeroFeatureTests;
				PRODUCT_NAME = "$(TARGET_NAME)";
				SWIFT_EMIT_LOC_STRINGS = NO;
				SWIFT_VERSION = 5.0;
			};
			name = Release;
		};
		FE031F272B17904F0070BF14 /* Debug */ = {
			isa = XCBuildConfiguration;
			buildSettings = {
				ASSETCATALOG_COMPILER_APPICON_NAME = AppIcon;
				ASSETCATALOG_COMPILER_GLOBAL_ACCENT_COLOR_NAME = AccentColor;
				CODE_SIGN_STYLE = Automatic;
				CURRENT_PROJECT_VERSION = 1;
				DEVELOPMENT_ASSET_PATHS = "\"LanguageHeroApp/Preview Content\"";
				DEVELOPMENT_TEAM = UAYY3HH9CT;
				ENABLE_PREVIEWS = YES;
				GENERATE_INFOPLIST_FILE = YES;
				INFOPLIST_KEY_UIApplicationSceneManifest_Generation = YES;
				INFOPLIST_KEY_UIApplicationSupportsIndirectInputEvents = YES;
				INFOPLIST_KEY_UILaunchScreen_Generation = YES;
				INFOPLIST_KEY_UISupportedInterfaceOrientations = UIInterfaceOrientationPortrait;
				IPHONEOS_DEPLOYMENT_TARGET = 17.0;
				LD_RUNPATH_SEARCH_PATHS = (
					"$(inherited)",
					"@executable_path/Frameworks",
				);
				MARKETING_VERSION = 1.0;
				PRODUCT_BUNDLE_IDENTIFIER = tw.com.qmontech.LanguageHeroApp;
				PRODUCT_NAME = "$(TARGET_NAME)";
				SDKROOT = iphoneos;
				SWIFT_EMIT_LOC_STRINGS = YES;
				SWIFT_VERSION = 5.0;
				TARGETED_DEVICE_FAMILY = "1,2";
			};
			name = Debug;
		};
		FE031F282B17904F0070BF14 /* Release */ = {
			isa = XCBuildConfiguration;
			buildSettings = {
				ASSETCATALOG_COMPILER_APPICON_NAME = AppIcon;
				ASSETCATALOG_COMPILER_GLOBAL_ACCENT_COLOR_NAME = AccentColor;
				CODE_SIGN_STYLE = Automatic;
				CURRENT_PROJECT_VERSION = 1;
				DEVELOPMENT_ASSET_PATHS = "\"LanguageHeroApp/Preview Content\"";
				DEVELOPMENT_TEAM = UAYY3HH9CT;
				ENABLE_PREVIEWS = YES;
				GENERATE_INFOPLIST_FILE = YES;
				INFOPLIST_KEY_UIApplicationSceneManifest_Generation = YES;
				INFOPLIST_KEY_UIApplicationSupportsIndirectInputEvents = YES;
				INFOPLIST_KEY_UILaunchScreen_Generation = YES;
				INFOPLIST_KEY_UISupportedInterfaceOrientations = UIInterfaceOrientationPortrait;
				IPHONEOS_DEPLOYMENT_TARGET = 17.0;
				LD_RUNPATH_SEARCH_PATHS = (
					"$(inherited)",
					"@executable_path/Frameworks",
				);
				MARKETING_VERSION = 1.0;
				PRODUCT_BUNDLE_IDENTIFIER = tw.com.qmontech.LanguageHeroApp;
				PRODUCT_NAME = "$(TARGET_NAME)";
				SDKROOT = iphoneos;
				SWIFT_EMIT_LOC_STRINGS = YES;
				SWIFT_VERSION = 5.0;
				TARGETED_DEVICE_FAMILY = "1,2";
				VALIDATE_PRODUCT = YES;
			};
			name = Release;
		};
/* End XCBuildConfiguration section */

/* Begin XCConfigurationList section */
		FE031E882B16EDF30070BF14 /* Build configuration list for PBXProject "LanguageHeroFeature" */ = {
			isa = XCConfigurationList;
			buildConfigurations = (
				FE031E9E2B16EDF30070BF14 /* Debug */,
				FE031E9F2B16EDF30070BF14 /* Release */,
			);
			defaultConfigurationIsVisible = 0;
			defaultConfigurationName = Release;
		};
		FE031EA02B16EDF30070BF14 /* Build configuration list for PBXNativeTarget "LanguageHeroFeature" */ = {
			isa = XCConfigurationList;
			buildConfigurations = (
				FE031EA12B16EDF30070BF14 /* Debug */,
				FE031EA22B16EDF30070BF14 /* Release */,
			);
			defaultConfigurationIsVisible = 0;
			defaultConfigurationName = Release;
		};
		FE031EA32B16EDF30070BF14 /* Build configuration list for PBXNativeTarget "LanguageHeroFeatureTests" */ = {
			isa = XCConfigurationList;
			buildConfigurations = (
				FE031EA42B16EDF30070BF14 /* Debug */,
				FE031EA52B16EDF30070BF14 /* Release */,
			);
			defaultConfigurationIsVisible = 0;
			defaultConfigurationName = Release;
		};
		FE031F292B17904F0070BF14 /* Build configuration list for PBXNativeTarget "LanguageHeroApp" */ = {
			isa = XCConfigurationList;
			buildConfigurations = (
				FE031F272B17904F0070BF14 /* Debug */,
				FE031F282B17904F0070BF14 /* Release */,
			);
			defaultConfigurationIsVisible = 0;
			defaultConfigurationName = Release;
		};
/* End XCConfigurationList section */
	};
	rootObject = FE031E852B16EDF30070BF14 /* Project object */;
}
